
Microsoft Visual Studio Solution File, Format Version 12.00
# Visual Studio Version 16
VisualStudioVersion = 16.0.28803.352
MinimumVisualStudioVersion = 10.0.40219.1
Project("{FAE04EC0-301F-11D3-BF4B-00C04F79EFBC}") = "program 5", "program 5.csproj", "{6B1C97B1-8D4D-4617-95D6-B6BB4CB04FE3}"
EndProject
Global
	GlobalSection(SolutionConfigurationPlatforms) = preSolution
		Debug|Any CPU = Debug|Any CPU
		Release|Any CPU = Release|Any CPU
	EndGlobalSection
	GlobalSection(ProjectConfigurationPlatforms) = postSolution
		{6B1C97B1-8D4D-4617-95D6-B6BB4CB04FE3}.Debug|Any CPU.ActiveCfg = Debug|Any CPU
		{6B1C97B1-8D4D-4617-95D6-B6BB4CB04FE3}.Debug|Any CPU.Build.0 = Debug|Any CPU
		{6B1C97B1-8D4D-4617-95D6-B6BB4CB04FE3}.Release|Any CPU.ActiveCfg = Release|Any CPU
		{6B1C97B1-8D4D-4617-95D6-B6BB4CB04FE3}.Release|Any CPU.Build.0 = Release|Any CPU
	EndGlobalSection
	GlobalSection(SolutionProperties) = preSolution
		HideSolutionNode = FALSE
	EndGlobalSection
	GlobalSection(ExtensibilityGlobals) = postSolution
		SolutionGuid = {6A5F324C-951B-4C42-86C3-404096F0161F}
	EndGlobalSection
EndGlobal
